
Microsoft Visual Studio Solution File, Format Version 12.00
# Visual Studio Version 17
VisualStudioVersion = 17.5.33516.290
MinimumVisualStudioVersion = 10.0.40219.1
Project("{9A19103F-16F7-4668-BE54-9A1E7A4F7556}") = "idkhelp", "idkhelp\idkhelp.csproj", "{EDD645CC-399E-4785-90F9-E2989DD3CD30}"
EndProject
Global
	GlobalSection(SolutionConfigurationPlatforms) = preSolution
		Debug|Any CPU = Debug|Any CPU
		Release|Any CPU = Release|Any CPU
	EndGlobalSection
	GlobalSection(ProjectConfigurationPlatforms) = postSolution
		{EDD645CC-399E-4785-90F9-E2989DD3CD30}.Debug|Any CPU.ActiveCfg = Debug|Any CPU
		{EDD645CC-399E-4785-90F9-E2989DD3CD30}.Debug|Any CPU.Build.0 = Debug|Any CPU
		{EDD645CC-399E-4785-90F9-E2989DD3CD30}.Release|Any CPU.ActiveCfg = Release|Any CPU
		{EDD645CC-399E-4785-90F9-E2989DD3CD30}.Release|Any CPU.Build.0 = Release|Any CPU
	EndGlobalSection
	GlobalSection(SolutionProperties) = preSolution
		HideSolutionNode = FALSE
	EndGlobalSection
	GlobalSection(ExtensibilityGlobals) = postSolution
		SolutionGuid = {E23EC41B-DE41-4B51-ABB1-B0C780994C4D}
	EndGlobalSection
EndGlobal
